
Microsoft Visual Studio Solution File, Format Version 12.00
Project("{2150E333-8FDC-42A3-9474-1A3956D46DE8}") = "Documentation", "Documentation", "{ACB4C5EE-1FAA-4A8A-BB99-0BAF816A176E}"
EndProject
Project("{FAE04EC0-301F-11D3-BF4B-00C04F79EFBC}") = "Docs", "Docs\Docs.csproj", "{D3C5C425-2D4A-4853-A53C-6B86717D83CE}"
EndProject
Project("{2150E333-8FDC-42A3-9474-1A3956D46DE8}") = "src", "src", "{75506687-D48A-40B9-8239-F60EF163A4A5}"
EndProject
Project("{2150E333-8FDC-42A3-9474-1A3956D46DE8}") = "Core", "Core", "{41B09E0D-EB44-4C52-834B-3C3F5B7F0D49}"
EndProject
Project("{2150E333-8FDC-42A3-9474-1A3956D46DE8}") = "Tools", "Tools", "{BE955BDC-3C62-4C3E-A28F-1B56F30CFE77}"
EndProject
Project("{FAE04EC0-301F-11D3-BF4B-00C04F79EFBC}") = "ViaEventAssociation.Core.Tools.OperationResult2", "ViaEventAssociation.Core.Tools.OperationResult2\ViaEventAssociation.Core.Tools.OperationResult2.csproj", "{03C2E62F-EA59-4E8A-A653-0E1D0E12DEBF}"
EndProject
Project("{FAE04EC0-301F-11D3-BF4B-00C04F79EFBC}") = "ViaEventAssociation.Core.Tools.OperationResult", "src\Core\Tools\ViaEventAssociation.Core.Tools.OperationResult\ViaEventAssociation.Core.Tools.OperationResult.csproj", "{022C1AAD-8CFC-4510-8ACB-73D005C6384D}"
EndProject
Global
	GlobalSection(SolutionConfigurationPlatforms) = preSolution
		Debug|Any CPU = Debug|Any CPU
		Release|Any CPU = Release|Any CPU
	EndGlobalSection
	GlobalSection(NestedProjects) = preSolution
		{D3C5C425-2D4A-4853-A53C-6B86717D83CE} = {ACB4C5EE-1FAA-4A8A-BB99-0BAF816A176E}
		{41B09E0D-EB44-4C52-834B-3C3F5B7F0D49} = {75506687-D48A-40B9-8239-F60EF163A4A5}
		{BE955BDC-3C62-4C3E-A28F-1B56F30CFE77} = {41B09E0D-EB44-4C52-834B-3C3F5B7F0D49}
		{03C2E62F-EA59-4E8A-A653-0E1D0E12DEBF} = {BE955BDC-3C62-4C3E-A28F-1B56F30CFE77}
		{022C1AAD-8CFC-4510-8ACB-73D005C6384D} = {BE955BDC-3C62-4C3E-A28F-1B56F30CFE77}
	EndGlobalSection
	GlobalSection(ProjectConfigurationPlatforms) = postSolution
		{D3C5C425-2D4A-4853-A53C-6B86717D83CE}.Debug|Any CPU.ActiveCfg = Debug|Any CPU
		{D3C5C425-2D4A-4853-A53C-6B86717D83CE}.Debug|Any CPU.Build.0 = Debug|Any CPU
		{D3C5C425-2D4A-4853-A53C-6B86717D83CE}.Release|Any CPU.ActiveCfg = Release|Any CPU
		{D3C5C425-2D4A-4853-A53C-6B86717D83CE}.Release|Any CPU.Build.0 = Release|Any CPU
		{03C2E62F-EA59-4E8A-A653-0E1D0E12DEBF}.Debug|Any CPU.ActiveCfg = Debug|Any CPU
		{03C2E62F-EA59-4E8A-A653-0E1D0E12DEBF}.Debug|Any CPU.Build.0 = Debug|Any CPU
		{03C2E62F-EA59-4E8A-A653-0E1D0E12DEBF}.Release|Any CPU.ActiveCfg = Release|Any CPU
		{03C2E62F-EA59-4E8A-A653-0E1D0E12DEBF}.Release|Any CPU.Build.0 = Release|Any CPU
		{022C1AAD-8CFC-4510-8ACB-73D005C6384D}.Debug|Any CPU.ActiveCfg = Debug|Any CPU
		{022C1AAD-8CFC-4510-8ACB-73D005C6384D}.Debug|Any CPU.Build.0 = Debug|Any CPU
		{022C1AAD-8CFC-4510-8ACB-73D005C6384D}.Release|Any CPU.ActiveCfg = Release|Any CPU
		{022C1AAD-8CFC-4510-8ACB-73D005C6384D}.Release|Any CPU.Build.0 = Release|Any CPU
	EndGlobalSection
EndGlobal
