
Microsoft Visual Studio Solution File, Format Version 12.00
Project("{2150E333-8FDC-42A3-9474-1A3956D46DE8}") = "Documentation", "Documentation", "{ACB4C5EE-1FAA-4A8A-BB99-0BAF816A176E}"
EndProject
Project("{FAE04EC0-301F-11D3-BF4B-00C04F79EFBC}") = "Docs", "Docs\Docs.csproj", "{D3C5C425-2D4A-4853-A53C-6B86717D83CE}"
EndProject
Global
	GlobalSection(SolutionConfigurationPlatforms) = preSolution
		Debug|Any CPU = Debug|Any CPU
		Release|Any CPU = Release|Any CPU
	EndGlobalSection
	GlobalSection(NestedProjects) = preSolution
		{D3C5C425-2D4A-4853-A53C-6B86717D83CE} = {ACB4C5EE-1FAA-4A8A-BB99-0BAF816A176E}
	EndGlobalSection
	GlobalSection(ProjectConfigurationPlatforms) = postSolution
		{D3C5C425-2D4A-4853-A53C-6B86717D83CE}.Debug|Any CPU.ActiveCfg = Debug|Any CPU
		{D3C5C425-2D4A-4853-A53C-6B86717D83CE}.Debug|Any CPU.Build.0 = Debug|Any CPU
		{D3C5C425-2D4A-4853-A53C-6B86717D83CE}.Release|Any CPU.ActiveCfg = Release|Any CPU
		{D3C5C425-2D4A-4853-A53C-6B86717D83CE}.Release|Any CPU.Build.0 = Release|Any CPU
	EndGlobalSection
EndGlobal
