
Microsoft Visual Studio Solution File, Format Version 12.00
Project("{2150E333-8FDC-42A3-9474-1A3956D46DE8}") = "Documentation", "Documentation", "{ACB4C5EE-1FAA-4A8A-BB99-0BAF816A176E}"
EndProject
Project("{FAE04EC0-301F-11D3-BF4B-00C04F79EFBC}") = "Docs", "Docs\Docs.csproj", "{D3C5C425-2D4A-4853-A53C-6B86717D83CE}"
EndProject
Project("{2150E333-8FDC-42A3-9474-1A3956D46DE8}") = "src", "src", "{75506687-D48A-40B9-8239-F60EF163A4A5}"
EndProject
Project("{2150E333-8FDC-42A3-9474-1A3956D46DE8}") = "Core", "Core", "{41B09E0D-EB44-4C52-834B-3C3F5B7F0D49}"
EndProject
Project("{2150E333-8FDC-42A3-9474-1A3956D46DE8}") = "Tools", "Tools", "{BE955BDC-3C62-4C3E-A28F-1B56F30CFE77}"
EndProject
Project("{FAE04EC0-301F-11D3-BF4B-00C04F79EFBC}") = "ViaEventAssociation.Core.Tools.OperationResult", "src\Core\Tools\ViaEventAssociation.Core.Tools.OperationResult\ViaEventAssociation.Core.Tools.OperationResult.csproj", "{022C1AAD-8CFC-4510-8ACB-73D005C6384D}"
EndProject
Project("{2150E333-8FDC-42A3-9474-1A3956D46DE8}") = "Tests", "Tests", "{0062AE0E-93F5-4C38-B2A0-32E806255A1B}"
EndProject
Project("{FAE04EC0-301F-11D3-BF4B-00C04F79EFBC}") = "UnitTests", "UnitTests\UnitTests.csproj", "{1818BD94-5046-4FA1-B4B5-FF1D8DFEE326}"
EndProject
Project("{FAE04EC0-301F-11D3-BF4B-00C04F79EFBC}") = "ViaEventAssociation.Core.Domain", "src\Core\ViaEventAssociation.Core.Domain\ViaEventAssociation.Core.Domain.csproj", "{538A7AB9-DE62-4718-B9E7-D06DA9C4AC97}"
EndProject
Project("{FAE04EC0-301F-11D3-BF4B-00C04F79EFBC}") = "ViaEventAssociation.Core.Application", "src\Core\ViaEventAssociation.Core.Application\ViaEventAssociation.Core.Application.csproj", "{0D069B23-E0C2-481C-A503-F6FFB0B8367E}"
EndProject
Project("{2150E333-8FDC-42A3-9474-1A3956D46DE8}") = "Infrastructure", "Infrastructure", "{1B27FC26-7AE0-4586-9160-A2C49E583BE6}"
EndProject
Project("{FAE04EC0-301F-11D3-BF4B-00C04F79EFBC}") = "ViaEventAssociation.Infrastructure.EfcDmPersistence", "src\Infrastructure\ViaEventAssociation.Infrastructure.EfcDmPersistence\ViaEventAssociation.Infrastructure.EfcDmPersistence.csproj", "{61337239-3F6D-4114-B5D2-0019A42483DB}"
EndProject
Project("{FAE04EC0-301F-11D3-BF4B-00C04F79EFBC}") = "IntegrationTests", "IntegrationTests\IntegrationTests.csproj", "{21C59D7F-0EE3-4188-9D90-8FB376136E6D}"
EndProject
Project("{FAE04EC0-301F-11D3-BF4B-00C04F79EFBC}") = "ViaEventAssociation.Infrastructure.EfcQueries", "src\Infrastructure\ViaEventAssociation.Infrastructure.EfcQueries\ViaEventAssociation.Infrastructure.EfcQueries.csproj", "{C5D7E238-0B56-4688-80B9-BA4ABDA92CE5}"
EndProject
Project("{FAE04EC0-301F-11D3-BF4B-00C04F79EFBC}") = "ViaEventAssociation.Core.QueryContracts", "src\Core\ViaEventAssociation.Core.QueryContracts\ViaEventAssociation.Core.QueryContracts.csproj", "{63BBE188-1369-4A81-BFB2-7EA762F82182}"
EndProject
Project("{2150E333-8FDC-42A3-9474-1A3956D46DE8}") = "Presentation", "Presentation", "{2AA8999D-1D5D-4B92-93F8-52ED986A5961}"
EndProject
Project("{FAE04EC0-301F-11D3-BF4B-00C04F79EFBC}") = "ViaEventAssociation.Presentantion.WebAPI", "src\Presentation\ViaEventAssociation.Presentantion.WebAPI\ViaEventAssociation.Presentantion.WebAPI.csproj", "{36C38C05-D9B6-4E03-AE82-C1BED2C0F9B9}"
EndProject
Project("{FAE04EC0-301F-11D3-BF4B-00C04F79EFBC}") = "ViaEventAssociation.Core.Tools.ObjectMapper", "src\Core\Tools\ViaEventAssociation.Core.Tools.ObjectMapper\ViaEventAssociation.Core.Tools.ObjectMapper.csproj", "{CBE0566E-7CB2-4100-ADBB-E9309145106C}"
EndProject
Global
	GlobalSection(SolutionConfigurationPlatforms) = preSolution
		Debug|Any CPU = Debug|Any CPU
		Release|Any CPU = Release|Any CPU
	EndGlobalSection
	GlobalSection(NestedProjects) = preSolution
		{D3C5C425-2D4A-4853-A53C-6B86717D83CE} = {ACB4C5EE-1FAA-4A8A-BB99-0BAF816A176E}
		{41B09E0D-EB44-4C52-834B-3C3F5B7F0D49} = {75506687-D48A-40B9-8239-F60EF163A4A5}
		{BE955BDC-3C62-4C3E-A28F-1B56F30CFE77} = {41B09E0D-EB44-4C52-834B-3C3F5B7F0D49}
		{022C1AAD-8CFC-4510-8ACB-73D005C6384D} = {BE955BDC-3C62-4C3E-A28F-1B56F30CFE77}
		{1818BD94-5046-4FA1-B4B5-FF1D8DFEE326} = {0062AE0E-93F5-4C38-B2A0-32E806255A1B}
		{538A7AB9-DE62-4718-B9E7-D06DA9C4AC97} = {41B09E0D-EB44-4C52-834B-3C3F5B7F0D49}
		{0D069B23-E0C2-481C-A503-F6FFB0B8367E} = {41B09E0D-EB44-4C52-834B-3C3F5B7F0D49}
		{1B27FC26-7AE0-4586-9160-A2C49E583BE6} = {75506687-D48A-40B9-8239-F60EF163A4A5}
		{61337239-3F6D-4114-B5D2-0019A42483DB} = {1B27FC26-7AE0-4586-9160-A2C49E583BE6}
		{21C59D7F-0EE3-4188-9D90-8FB376136E6D} = {0062AE0E-93F5-4C38-B2A0-32E806255A1B}
		{C5D7E238-0B56-4688-80B9-BA4ABDA92CE5} = {1B27FC26-7AE0-4586-9160-A2C49E583BE6}
		{63BBE188-1369-4A81-BFB2-7EA762F82182} = {41B09E0D-EB44-4C52-834B-3C3F5B7F0D49}
		{2AA8999D-1D5D-4B92-93F8-52ED986A5961} = {75506687-D48A-40B9-8239-F60EF163A4A5}
		{36C38C05-D9B6-4E03-AE82-C1BED2C0F9B9} = {2AA8999D-1D5D-4B92-93F8-52ED986A5961}
		{CBE0566E-7CB2-4100-ADBB-E9309145106C} = {BE955BDC-3C62-4C3E-A28F-1B56F30CFE77}
	EndGlobalSection
	GlobalSection(ProjectConfigurationPlatforms) = postSolution
		{D3C5C425-2D4A-4853-A53C-6B86717D83CE}.Debug|Any CPU.ActiveCfg = Debug|Any CPU
		{D3C5C425-2D4A-4853-A53C-6B86717D83CE}.Debug|Any CPU.Build.0 = Debug|Any CPU
		{D3C5C425-2D4A-4853-A53C-6B86717D83CE}.Release|Any CPU.ActiveCfg = Release|Any CPU
		{D3C5C425-2D4A-4853-A53C-6B86717D83CE}.Release|Any CPU.Build.0 = Release|Any CPU
		{022C1AAD-8CFC-4510-8ACB-73D005C6384D}.Debug|Any CPU.ActiveCfg = Debug|Any CPU
		{022C1AAD-8CFC-4510-8ACB-73D005C6384D}.Debug|Any CPU.Build.0 = Debug|Any CPU
		{022C1AAD-8CFC-4510-8ACB-73D005C6384D}.Release|Any CPU.ActiveCfg = Release|Any CPU
		{022C1AAD-8CFC-4510-8ACB-73D005C6384D}.Release|Any CPU.Build.0 = Release|Any CPU
		{1818BD94-5046-4FA1-B4B5-FF1D8DFEE326}.Debug|Any CPU.ActiveCfg = Debug|Any CPU
		{1818BD94-5046-4FA1-B4B5-FF1D8DFEE326}.Debug|Any CPU.Build.0 = Debug|Any CPU
		{1818BD94-5046-4FA1-B4B5-FF1D8DFEE326}.Release|Any CPU.ActiveCfg = Release|Any CPU
		{1818BD94-5046-4FA1-B4B5-FF1D8DFEE326}.Release|Any CPU.Build.0 = Release|Any CPU
		{538A7AB9-DE62-4718-B9E7-D06DA9C4AC97}.Debug|Any CPU.ActiveCfg = Debug|Any CPU
		{538A7AB9-DE62-4718-B9E7-D06DA9C4AC97}.Debug|Any CPU.Build.0 = Debug|Any CPU
		{538A7AB9-DE62-4718-B9E7-D06DA9C4AC97}.Release|Any CPU.ActiveCfg = Release|Any CPU
		{538A7AB9-DE62-4718-B9E7-D06DA9C4AC97}.Release|Any CPU.Build.0 = Release|Any CPU
		{0D069B23-E0C2-481C-A503-F6FFB0B8367E}.Debug|Any CPU.ActiveCfg = Debug|Any CPU
		{0D069B23-E0C2-481C-A503-F6FFB0B8367E}.Debug|Any CPU.Build.0 = Debug|Any CPU
		{0D069B23-E0C2-481C-A503-F6FFB0B8367E}.Release|Any CPU.ActiveCfg = Release|Any CPU
		{0D069B23-E0C2-481C-A503-F6FFB0B8367E}.Release|Any CPU.Build.0 = Release|Any CPU
		{61337239-3F6D-4114-B5D2-0019A42483DB}.Debug|Any CPU.ActiveCfg = Debug|Any CPU
		{61337239-3F6D-4114-B5D2-0019A42483DB}.Debug|Any CPU.Build.0 = Debug|Any CPU
		{61337239-3F6D-4114-B5D2-0019A42483DB}.Release|Any CPU.ActiveCfg = Release|Any CPU
		{61337239-3F6D-4114-B5D2-0019A42483DB}.Release|Any CPU.Build.0 = Release|Any CPU
		{21C59D7F-0EE3-4188-9D90-8FB376136E6D}.Debug|Any CPU.ActiveCfg = Debug|Any CPU
		{21C59D7F-0EE3-4188-9D90-8FB376136E6D}.Debug|Any CPU.Build.0 = Debug|Any CPU
		{21C59D7F-0EE3-4188-9D90-8FB376136E6D}.Release|Any CPU.ActiveCfg = Release|Any CPU
		{21C59D7F-0EE3-4188-9D90-8FB376136E6D}.Release|Any CPU.Build.0 = Release|Any CPU
		{C5D7E238-0B56-4688-80B9-BA4ABDA92CE5}.Debug|Any CPU.ActiveCfg = Debug|Any CPU
		{C5D7E238-0B56-4688-80B9-BA4ABDA92CE5}.Debug|Any CPU.Build.0 = Debug|Any CPU
		{C5D7E238-0B56-4688-80B9-BA4ABDA92CE5}.Release|Any CPU.ActiveCfg = Release|Any CPU
		{C5D7E238-0B56-4688-80B9-BA4ABDA92CE5}.Release|Any CPU.Build.0 = Release|Any CPU
		{63BBE188-1369-4A81-BFB2-7EA762F82182}.Debug|Any CPU.ActiveCfg = Debug|Any CPU
		{63BBE188-1369-4A81-BFB2-7EA762F82182}.Debug|Any CPU.Build.0 = Debug|Any CPU
		{63BBE188-1369-4A81-BFB2-7EA762F82182}.Release|Any CPU.ActiveCfg = Release|Any CPU
		{63BBE188-1369-4A81-BFB2-7EA762F82182}.Release|Any CPU.Build.0 = Release|Any CPU
		{36C38C05-D9B6-4E03-AE82-C1BED2C0F9B9}.Debug|Any CPU.ActiveCfg = Debug|Any CPU
		{36C38C05-D9B6-4E03-AE82-C1BED2C0F9B9}.Debug|Any CPU.Build.0 = Debug|Any CPU
		{36C38C05-D9B6-4E03-AE82-C1BED2C0F9B9}.Release|Any CPU.ActiveCfg = Release|Any CPU
		{36C38C05-D9B6-4E03-AE82-C1BED2C0F9B9}.Release|Any CPU.Build.0 = Release|Any CPU
		{CBE0566E-7CB2-4100-ADBB-E9309145106C}.Debug|Any CPU.ActiveCfg = Debug|Any CPU
		{CBE0566E-7CB2-4100-ADBB-E9309145106C}.Debug|Any CPU.Build.0 = Debug|Any CPU
		{CBE0566E-7CB2-4100-ADBB-E9309145106C}.Release|Any CPU.ActiveCfg = Release|Any CPU
		{CBE0566E-7CB2-4100-ADBB-E9309145106C}.Release|Any CPU.Build.0 = Release|Any CPU
	EndGlobalSection
EndGlobal
